
Microsoft Visual Studio Solution File, Format Version 12.00
# Visual Studio Version 17
VisualStudioVersion = 17.8.34601.278
MinimumVisualStudioVersion = 10.0.40219.1
Project("{FAE04EC0-301F-11D3-BF4B-00C04F79EFBC}") = "Sample", "Sample.csproj", "{C732C737-44B1-47D6-B6EA-38663C455D1C}"
EndProject
Global
	GlobalSection(SolutionConfigurationPlatforms) = preSolution
		Debug|Any CPU = Debug|Any CPU
		Release|Any CPU = Release|Any CPU
	EndGlobalSection
	GlobalSection(ProjectConfigurationPlatforms) = postSolution
		{C732C737-44B1-47D6-B6EA-38663C455D1C}.Debug|Any CPU.ActiveCfg = Debug|Any CPU
		{C732C737-44B1-47D6-B6EA-38663C455D1C}.Debug|Any CPU.Build.0 = Debug|Any CPU
		{C732C737-44B1-47D6-B6EA-38663C455D1C}.Release|Any CPU.ActiveCfg = Release|Any CPU
		{C732C737-44B1-47D6-B6EA-38663C455D1C}.Release|Any CPU.Build.0 = Release|Any CPU
	EndGlobalSection
	GlobalSection(SolutionProperties) = preSolution
		HideSolutionNode = FALSE
	EndGlobalSection
	GlobalSection(ExtensibilityGlobals) = postSolution
		SolutionGuid = {E7774376-AB71-49E1-8866-8C1D4F62E397}
	EndGlobalSection
EndGlobal
